{
  "name": "nanolith",
  "version": "1.0.0",
  "lockfileVersion": 2,
  "requires": true,
  "packages": {
    "": {
      "name": "nanolith",
      "version": "1.0.0",
      "license": "ISC",
      "dependencies": {
        "callsites": "^4.0.0",
        "tiny-typed-emitter": "^2.1.0",
        "uuid": "^9.0.0"
      },
      "devDependencies": {
        "@types/node": "^18.7.23",
        "@types/uuid": "^8.3.4"
      }
    },
    "node_modules/@types/node": {
      "version": "18.7.23",
      "resolved": "https://registry.npmjs.org/@types/node/-/node-18.7.23.tgz",
      "integrity": "sha512-DWNcCHolDq0ZKGizjx2DZjR/PqsYwAcYUJmfMWqtVU2MBMG5Mo+xFZrhGId5r/O5HOuMPyQEcM6KUBp5lBZZBg==",
      "dev": true
    },
    "node_modules/@types/uuid": {
      "version": "8.3.4",
      "resolved": "https://registry.npmjs.org/@types/uuid/-/uuid-8.3.4.tgz",
      "integrity": "sha512-c/I8ZRb51j+pYGAu5CrFMRxqZ2ke4y2grEBO5AUjgSkSk+qT2Ea+OdWElz/OiMf5MNpn2b17kuVBwZLQJXzihw==",
      "dev": true
    },
    "node_modules/callsites": {
      "version": "4.0.0",
      "resolved": "https://registry.npmjs.org/callsites/-/callsites-4.0.0.tgz",
      "integrity": "sha512-y3jRROutgpKdz5vzEhWM34TidDU8vkJppF8dszITeb1PQmSqV3DTxyV8G/lyO/DNvtE1YTedehmw9MPZsCBHxQ==",
      "engines": {
        "node": ">=12.20"
      },
      "funding": {
        "url": "https://github.com/sponsors/sindresorhus"
      }
    },
    "node_modules/tiny-typed-emitter": {
      "version": "2.1.0",
      "resolved": "https://registry.npmjs.org/tiny-typed-emitter/-/tiny-typed-emitter-2.1.0.tgz",
      "integrity": "sha512-qVtvMxeXbVej0cQWKqVSSAHmKZEHAvxdF8HEUBFWts8h+xEo5m/lEiPakuyZ3BnCBjOD8i24kzNOiOLLgsSxhA=="
    },
    "node_modules/uuid": {
      "version": "9.0.0",
      "resolved": "https://registry.npmjs.org/uuid/-/uuid-9.0.0.tgz",
      "integrity": "sha512-MXcSTerfPa4uqyzStbRoTgt5XIe3x5+42+q1sDuy3R5MDk66URdLMOZe5aPX/SQd+kuYAh0FdP/pO28IkQyTeg==",
      "bin": {
        "uuid": "dist/bin/uuid"
      }
    }
  },
  "dependencies": {
    "@types/node": {
      "version": "18.7.23",
      "resolved": "https://registry.npmjs.org/@types/node/-/node-18.7.23.tgz",
      "integrity": "sha512-DWNcCHolDq0ZKGizjx2DZjR/PqsYwAcYUJmfMWqtVU2MBMG5Mo+xFZrhGId5r/O5HOuMPyQEcM6KUBp5lBZZBg==",
      "dev": true
    },
    "@types/uuid": {
      "version": "8.3.4",
      "resolved": "https://registry.npmjs.org/@types/uuid/-/uuid-8.3.4.tgz",
      "integrity": "sha512-c/I8ZRb51j+pYGAu5CrFMRxqZ2ke4y2grEBO5AUjgSkSk+qT2Ea+OdWElz/OiMf5MNpn2b17kuVBwZLQJXzihw==",
      "dev": true
    },
    "callsites": {
      "version": "4.0.0",
      "resolved": "https://registry.npmjs.org/callsites/-/callsites-4.0.0.tgz",
      "integrity": "sha512-y3jRROutgpKdz5vzEhWM34TidDU8vkJppF8dszITeb1PQmSqV3DTxyV8G/lyO/DNvtE1YTedehmw9MPZsCBHxQ=="
    },
    "tiny-typed-emitter": {
      "version": "2.1.0",
      "resolved": "https://registry.npmjs.org/tiny-typed-emitter/-/tiny-typed-emitter-2.1.0.tgz",
      "integrity": "sha512-qVtvMxeXbVej0cQWKqVSSAHmKZEHAvxdF8HEUBFWts8h+xEo5m/lEiPakuyZ3BnCBjOD8i24kzNOiOLLgsSxhA=="
    },
    "uuid": {
      "version": "9.0.0",
      "resolved": "https://registry.npmjs.org/uuid/-/uuid-9.0.0.tgz",
      "integrity": "sha512-MXcSTerfPa4uqyzStbRoTgt5XIe3x5+42+q1sDuy3R5MDk66URdLMOZe5aPX/SQd+kuYAh0FdP/pO28IkQyTeg=="
    }
  }
}
